
Microsoft Visual Studio Solution File, Format Version 12.00
# Visual Studio Version 17
VisualStudioVersion = 17.10.35027.167
MinimumVisualStudioVersion = 10.0.40219.1
Project("{FAE04EC0-301F-11D3-BF4B-00C04F79EFBC}") = "ConsumirApi_WFormsNetFramework", "ConsumirApi_WFormsNetFramework\ConsumirApi_WFormsNetFramework.csproj", "{E39C83CE-B75C-4E8F-889A-668B7C54D9B1}"
EndProject
Global
	GlobalSection(SolutionConfigurationPlatforms) = preSolution
		Debug|Any CPU = Debug|Any CPU
		Release|Any CPU = Release|Any CPU
	EndGlobalSection
	GlobalSection(ProjectConfigurationPlatforms) = postSolution
		{E39C83CE-B75C-4E8F-889A-668B7C54D9B1}.Debug|Any CPU.ActiveCfg = Debug|Any CPU
		{E39C83CE-B75C-4E8F-889A-668B7C54D9B1}.Debug|Any CPU.Build.0 = Debug|Any CPU
		{E39C83CE-B75C-4E8F-889A-668B7C54D9B1}.Release|Any CPU.ActiveCfg = Release|Any CPU
		{E39C83CE-B75C-4E8F-889A-668B7C54D9B1}.Release|Any CPU.Build.0 = Release|Any CPU
	EndGlobalSection
	GlobalSection(SolutionProperties) = preSolution
		HideSolutionNode = FALSE
	EndGlobalSection
	GlobalSection(ExtensibilityGlobals) = postSolution
		SolutionGuid = {FBE2BF4E-70A8-4D1B-B14D-84FB7AA8A05D}
	EndGlobalSection
EndGlobal
